
Microsoft Visual Studio Solution File, Format Version 12.00
Project("{FAE04EC0-301F-11D3-BF4B-00C04F79EFBC}") = "FunFactThursday.Api", "FunFactThursday.Api\FunFactThursday.Api.csproj", "{6B197918-7191-422A-ADAA-EA04EB284BF2}"
EndProject
Project("{2150E333-8FDC-42A3-9474-1A3956D46DE8}") = "src", "src", "{6E9F7172-707A-49C1-9170-489A8CD7C21F}"
EndProject
Project("{FAE04EC0-301F-11D3-BF4B-00C04F79EFBC}") = "FunFactThursday.Application", "FunFactThursday.Application\FunFactThursday.Application.csproj", "{CAA96A2C-DF1F-459E-BCE3-82024884EA3C}"
EndProject
Project("{FAE04EC0-301F-11D3-BF4B-00C04F79EFBC}") = "FunFactThursday.Domain", "FunFactThursday.Domain\FunFactThursday.Domain.csproj", "{3646EC01-5800-488E-B19E-4C027A401E46}"
EndProject
Project("{FAE04EC0-301F-11D3-BF4B-00C04F79EFBC}") = "FunFactThursday.Persistence", "FunFactThursday.Persistence\FunFactThursday.Persistence.csproj", "{43C54620-6200-4200-BBB6-7CB7447C7185}"
EndProject
Project("{FAE04EC0-301F-11D3-BF4B-00C04F79EFBC}") = "FunFactThursday.OutboxWorker", "FunFactThursday.OutboxWorker\FunFactThursday.OutboxWorker.csproj", "{248FC944-ADA9-42A7-8F0D-16702114A973}"
EndProject
Global
	GlobalSection(SolutionConfigurationPlatforms) = preSolution
		Debug|Any CPU = Debug|Any CPU
		Release|Any CPU = Release|Any CPU
	EndGlobalSection
	GlobalSection(ProjectConfigurationPlatforms) = postSolution
		{6B197918-7191-422A-ADAA-EA04EB284BF2}.Debug|Any CPU.ActiveCfg = Debug|Any CPU
		{6B197918-7191-422A-ADAA-EA04EB284BF2}.Debug|Any CPU.Build.0 = Debug|Any CPU
		{6B197918-7191-422A-ADAA-EA04EB284BF2}.Release|Any CPU.ActiveCfg = Release|Any CPU
		{6B197918-7191-422A-ADAA-EA04EB284BF2}.Release|Any CPU.Build.0 = Release|Any CPU
		{CAA96A2C-DF1F-459E-BCE3-82024884EA3C}.Debug|Any CPU.ActiveCfg = Debug|Any CPU
		{CAA96A2C-DF1F-459E-BCE3-82024884EA3C}.Debug|Any CPU.Build.0 = Debug|Any CPU
		{CAA96A2C-DF1F-459E-BCE3-82024884EA3C}.Release|Any CPU.ActiveCfg = Release|Any CPU
		{CAA96A2C-DF1F-459E-BCE3-82024884EA3C}.Release|Any CPU.Build.0 = Release|Any CPU
		{3646EC01-5800-488E-B19E-4C027A401E46}.Debug|Any CPU.ActiveCfg = Debug|Any CPU
		{3646EC01-5800-488E-B19E-4C027A401E46}.Debug|Any CPU.Build.0 = Debug|Any CPU
		{3646EC01-5800-488E-B19E-4C027A401E46}.Release|Any CPU.ActiveCfg = Release|Any CPU
		{3646EC01-5800-488E-B19E-4C027A401E46}.Release|Any CPU.Build.0 = Release|Any CPU
		{43C54620-6200-4200-BBB6-7CB7447C7185}.Debug|Any CPU.ActiveCfg = Debug|Any CPU
		{43C54620-6200-4200-BBB6-7CB7447C7185}.Debug|Any CPU.Build.0 = Debug|Any CPU
		{43C54620-6200-4200-BBB6-7CB7447C7185}.Release|Any CPU.ActiveCfg = Release|Any CPU
		{43C54620-6200-4200-BBB6-7CB7447C7185}.Release|Any CPU.Build.0 = Release|Any CPU
		{248FC944-ADA9-42A7-8F0D-16702114A973}.Debug|Any CPU.ActiveCfg = Debug|Any CPU
		{248FC944-ADA9-42A7-8F0D-16702114A973}.Debug|Any CPU.Build.0 = Debug|Any CPU
		{248FC944-ADA9-42A7-8F0D-16702114A973}.Release|Any CPU.ActiveCfg = Release|Any CPU
		{248FC944-ADA9-42A7-8F0D-16702114A973}.Release|Any CPU.Build.0 = Release|Any CPU
	EndGlobalSection
	GlobalSection(NestedProjects) = preSolution
		{6B197918-7191-422A-ADAA-EA04EB284BF2} = {6E9F7172-707A-49C1-9170-489A8CD7C21F}
		{CAA96A2C-DF1F-459E-BCE3-82024884EA3C} = {6E9F7172-707A-49C1-9170-489A8CD7C21F}
		{3646EC01-5800-488E-B19E-4C027A401E46} = {6E9F7172-707A-49C1-9170-489A8CD7C21F}
		{43C54620-6200-4200-BBB6-7CB7447C7185} = {6E9F7172-707A-49C1-9170-489A8CD7C21F}
		{248FC944-ADA9-42A7-8F0D-16702114A973} = {6E9F7172-707A-49C1-9170-489A8CD7C21F}
	EndGlobalSection
EndGlobal
